
Microsoft Visual Studio Solution File, Format Version 12.00
# Visual Studio 15
VisualStudioVersion = 15.0.28307.489
MinimumVisualStudioVersion = 10.0.40219.1
Project("{FAE04EC0-301F-11D3-BF4B-00C04F79EFBC}") = "TinkerSwiftApi", "TinkerSwiftApi\TinkerSwiftApi.csproj", "{4C3A8B63-68B4-4188-A9D0-7DC238337127}"
EndProject
Global
	GlobalSection(SolutionConfigurationPlatforms) = preSolution
		Debug|Any CPU = Debug|Any CPU
		Release|Any CPU = Release|Any CPU
	EndGlobalSection
	GlobalSection(ProjectConfigurationPlatforms) = postSolution
		{4C3A8B63-68B4-4188-A9D0-7DC238337127}.Debug|Any CPU.ActiveCfg = Debug|Any CPU
		{4C3A8B63-68B4-4188-A9D0-7DC238337127}.Debug|Any CPU.Build.0 = Debug|Any CPU
		{4C3A8B63-68B4-4188-A9D0-7DC238337127}.Release|Any CPU.ActiveCfg = Release|Any CPU
		{4C3A8B63-68B4-4188-A9D0-7DC238337127}.Release|Any CPU.Build.0 = Release|Any CPU
	EndGlobalSection
	GlobalSection(SolutionProperties) = preSolution
		HideSolutionNode = FALSE
	EndGlobalSection
	GlobalSection(ExtensibilityGlobals) = postSolution
		SolutionGuid = {368C6084-A217-46CB-9F43-081995639002}
	EndGlobalSection
EndGlobal
